{
  "version": 4,
  "terraform_version": "1.5.7",
  "serial": 124,
  "lineage": "72606eed-5691-4c61-8a9b-4c70416a84b5",
  "outputs": {},
  "resources": [
    {
      "mode": "managed",
      "type": "aws_iam_policy",
      "name": "sagemaker_ecr_policy",
      "provider": "provider[\"registry.terraform.io/hashicorp/aws\"]",
      "instances": [
        {
          "schema_version": 0,
          "attributes": {
            "arn": "arn:aws:iam::703671899612:policy/sagemaker-ecr-access",
            "attachment_count": 1,
            "description": "Allows SageMaker to pull images from ECR",
            "id": "arn:aws:iam::703671899612:policy/sagemaker-ecr-access",
            "name": "sagemaker-ecr-access",
            "name_prefix": "",
            "path": "/",
            "policy": "{\"Statement\":[{\"Action\":[\"ecr:GetAuthorizationToken\"],\"Effect\":\"Allow\",\"Resource\":\"*\"},{\"Action\":[\"ecr:BatchCheckLayerAvailability\",\"ecr:BatchGetImage\",\"ecr:GetDownloadUrlForLayer\"],\"Effect\":\"Allow\",\"Resource\":\"arn:aws:ecr:us-east-2:703671899612:repository/ml-sounds-sandbox-training\"}],\"Version\":\"2012-10-17\"}",
            "policy_id": "ANPA2HVQ5CXOADDSZJIQN",
            "tags": {},
            "tags_all": {}
          },
          "sensitive_attributes": [],
          "private": "bnVsbA=="
        }
      ]
    },
    {
      "mode": "managed",
      "type": "aws_iam_policy",
      "name": "sagemaker_policy",
      "provider": "provider[\"registry.terraform.io/hashicorp/aws\"]",
      "instances": [
        {
          "schema_version": 0,
          "attributes": {
            "arn": "arn:aws:iam::703671899612:policy/sagemaker-training-policy",
            "attachment_count": 0,
            "description": "Policy for SageMaker to access S3 and CloudWatch",
            "id": "arn:aws:iam::703671899612:policy/sagemaker-training-policy",
            "name": "sagemaker-training-policy",
            "name_prefix": "",
            "path": "/",
            "policy": "{\"Statement\":[{\"Action\":[\"s3:GetObject\",\"s3:PutObject\",\"s3:ListBucket\"],\"Effect\":\"Allow\",\"Resource\":[\"arn:aws:s3:::ml-sounds-sandbox-bucket\",\"arn:aws:s3:::ml-sounds-sandbox-bucket/*\"]},{\"Action\":[\"logs:CreateLogGroup\",\"logs:CreateLogStream\",\"logs:PutLogEvents\"],\"Effect\":\"Allow\",\"Resource\":\"*\"},{\"Action\":[\"sagemaker:CreateTrainingJob\",\"sagemaker:DescribeTrainingJob\",\"sagemaker:StopTrainingJob\"],\"Effect\":\"Allow\",\"Resource\":\"*\"}],\"Version\":\"2012-10-17\"}",
            "policy_id": "ANPA2HVQ5CXOMWPPSLDZO",
            "tags": {},
            "tags_all": {}
          },
          "sensitive_attributes": [],
          "private": "bnVsbA=="
        }
      ]
    },
    {
      "mode": "managed",
      "type": "aws_iam_policy",
      "name": "sagemaker_s3_policy",
      "provider": "provider[\"registry.terraform.io/hashicorp/aws\"]",
      "instances": [
        {
          "schema_version": 0,
          "attributes": {
            "arn": "arn:aws:iam::703671899612:policy/sagemaker-s3-access",
            "attachment_count": 1,
            "description": "Allows SageMaker to access S3 bucket for training data",
            "id": "arn:aws:iam::703671899612:policy/sagemaker-s3-access",
            "name": "sagemaker-s3-access",
            "name_prefix": "",
            "path": "/",
            "policy": "{\"Statement\":[{\"Action\":[\"s3:ListBucket\",\"s3:GetObject\",\"s3:PutObject\"],\"Effect\":\"Allow\",\"Resource\":[\"arn:aws:s3:::ml-sounds-sandbox-bucket\",\"arn:aws:s3:::ml-sounds-sandbox-bucket/*\"]}],\"Version\":\"2012-10-17\"}",
            "policy_id": "ANPA2HVQ5CXOGLA7VKZOA",
            "tags": {},
            "tags_all": {}
          },
          "sensitive_attributes": [],
          "private": "bnVsbA=="
        }
      ]
    },
    {
      "mode": "managed",
      "type": "aws_iam_role",
      "name": "sagemaker_role",
      "provider": "provider[\"registry.terraform.io/hashicorp/aws\"]",
      "instances": [
        {
          "schema_version": 0,
          "attributes": {
            "arn": "arn:aws:iam::703671899612:role/sagemaker-training-role",
            "assume_role_policy": "{\"Statement\":[{\"Action\":\"sts:AssumeRole\",\"Effect\":\"Allow\",\"Principal\":{\"Service\":\"sagemaker.amazonaws.com\"}}],\"Version\":\"2012-10-17\"}",
            "create_date": "2025-03-06T08:02:26Z",
            "description": "",
            "force_detach_policies": false,
            "id": "sagemaker-training-role",
            "inline_policy": [],
            "managed_policy_arns": [
              "arn:aws:iam::703671899612:policy/sagemaker-ecr-access",
              "arn:aws:iam::703671899612:policy/sagemaker-s3-access",
              "arn:aws:iam::aws:policy/AmazonSageMakerFullAccess"
            ],
            "max_session_duration": 3600,
            "name": "sagemaker-training-role",
            "name_prefix": "",
            "path": "/",
            "permissions_boundary": "",
            "tags": {},
            "tags_all": {},
            "unique_id": "AROA2HVQ5CXOCNIWGPKA6"
          },
          "sensitive_attributes": [],
          "private": "bnVsbA=="
        }
      ]
    },
    {
      "mode": "managed",
      "type": "aws_iam_role_policy_attachment",
      "name": "attach_policy",
      "provider": "provider[\"registry.terraform.io/hashicorp/aws\"]",
      "instances": [
        {
          "schema_version": 0,
          "attributes": {
            "id": "sagemaker-training-role-20250306080346846300000001",
            "policy_arn": "arn:aws:iam::aws:policy/AmazonSageMakerFullAccess",
            "role": "sagemaker-training-role"
          },
          "sensitive_attributes": [],
          "private": "bnVsbA==",
          "dependencies": [
            "aws_iam_role.sagemaker_role"
          ]
        }
      ]
    },
    {
      "mode": "managed",
      "type": "aws_iam_role_policy_attachment",
      "name": "attach_sagemaker_ecr",
      "provider": "provider[\"registry.terraform.io/hashicorp/aws\"]",
      "instances": [
        {
          "schema_version": 0,
          "attributes": {
            "id": "sagemaker-training-role-20250306081015440300000001",
            "policy_arn": "arn:aws:iam::703671899612:policy/sagemaker-ecr-access",
            "role": "sagemaker-training-role"
          },
          "sensitive_attributes": [],
          "private": "bnVsbA==",
          "dependencies": [
            "aws_iam_policy.sagemaker_ecr_policy",
            "aws_iam_role.sagemaker_role"
          ]
        }
      ]
    },
    {
      "mode": "managed",
      "type": "aws_iam_role_policy_attachment",
      "name": "attach_sagemaker_s3",
      "provider": "provider[\"registry.terraform.io/hashicorp/aws\"]",
      "instances": [
        {
          "schema_version": 0,
          "attributes": {
            "id": "sagemaker-training-role-20250306080227131200000002",
            "policy_arn": "arn:aws:iam::703671899612:policy/sagemaker-s3-access",
            "role": "sagemaker-training-role"
          },
          "sensitive_attributes": [],
          "private": "bnVsbA==",
          "dependencies": [
            "aws_iam_policy.sagemaker_s3_policy",
            "aws_iam_role.sagemaker_role"
          ]
        }
      ]
    },
    {
      "mode": "managed",
      "type": "null_resource",
      "name": "sagemaker_training_job",
      "provider": "provider[\"registry.terraform.io/hashicorp/null\"]",
      "instances": [
        {
          "schema_version": 0,
          "attributes": {
            "id": "5631481113124652519",
            "triggers": null
          },
          "sensitive_attributes": []
        }
      ]
    }
  ],
  "check_results": null
}
