{
  "version": 4,
  "terraform_version": "1.5.7",
  "serial": 44,
  "lineage": "72606eed-5691-4c61-8a9b-4c70416a84b5",
  "outputs": {},
  "resources": [
    {
      "mode": "managed",
      "type": "aws_iam_policy",
      "name": "sagemaker_policy",
      "provider": "provider[\"registry.terraform.io/hashicorp/aws\"]",
      "instances": [
        {
          "schema_version": 0,
          "attributes": {
            "arn": "arn:aws:iam::703671899612:policy/sagemaker-training-policy",
            "attachment_count": 1,
            "description": "Policy for SageMaker to access S3 and CloudWatch",
            "id": "arn:aws:iam::703671899612:policy/sagemaker-training-policy",
            "name": "sagemaker-training-policy",
            "name_prefix": "",
            "path": "/",
            "policy": "{\"Statement\":[{\"Action\":[\"s3:GetObject\",\"s3:PutObject\",\"s3:ListBucket\"],\"Effect\":\"Allow\",\"Resource\":[\"arn:aws:s3:::ml-sounds-sandbox-bucket\",\"arn:aws:s3:::ml-sounds-sandbox-bucket/*\"]},{\"Action\":[\"logs:CreateLogGroup\",\"logs:CreateLogStream\",\"logs:PutLogEvents\"],\"Effect\":\"Allow\",\"Resource\":\"*\"},{\"Action\":[\"sagemaker:CreateTrainingJob\",\"sagemaker:DescribeTrainingJob\",\"sagemaker:StopTrainingJob\"],\"Effect\":\"Allow\",\"Resource\":\"*\"}],\"Version\":\"2012-10-17\"}",
            "policy_id": "ANPA2HVQ5CXOAIYGZRHNI",
            "tags": {},
            "tags_all": {}
          },
          "sensitive_attributes": [],
          "private": "bnVsbA=="
        }
      ]
    },
    {
      "mode": "managed",
      "type": "aws_iam_policy",
      "name": "sagemaker_s3_policy",
      "provider": "provider[\"registry.terraform.io/hashicorp/aws\"]",
      "instances": [
        {
          "schema_version": 0,
          "attributes": {
            "arn": "arn:aws:iam::703671899612:policy/sagemaker-s3-access",
            "attachment_count": 0,
            "description": "Allows SageMaker to access S3 bucket for training data",
            "id": "arn:aws:iam::703671899612:policy/sagemaker-s3-access",
            "name": "sagemaker-s3-access",
            "name_prefix": "",
            "path": "/",
            "policy": "{\"Statement\":[{\"Action\":[\"s3:ListBucket\",\"s3:GetObject\",\"s3:PutObject\"],\"Effect\":\"Allow\",\"Resource\":[\"arn:aws:s3:::ml-sounds-sandbox-bucket\",\"arn:aws:s3:::ml-sounds-sandbox-bucket/*\"]}],\"Version\":\"2012-10-17\"}",
            "policy_id": "ANPA2HVQ5CXONVQSYHLY5",
            "tags": null,
            "tags_all": {}
          },
          "sensitive_attributes": [],
          "private": "bnVsbA=="
        }
      ]
    },
    {
      "mode": "managed",
      "type": "aws_iam_role",
      "name": "sagemaker_role",
      "provider": "provider[\"registry.terraform.io/hashicorp/aws\"]",
      "instances": [
        {
          "schema_version": 0,
          "attributes": {
            "arn": "arn:aws:iam::703671899612:role/sagemaker-training-role",
            "assume_role_policy": "{\"Statement\":[{\"Action\":\"sts:AssumeRole\",\"Effect\":\"Allow\",\"Principal\":{\"Service\":\"sagemaker.amazonaws.com\"}}],\"Version\":\"2012-10-17\"}",
            "create_date": "2025-02-28T10:50:49Z",
            "description": "",
            "force_detach_policies": false,
            "id": "sagemaker-training-role",
            "inline_policy": [],
            "managed_policy_arns": [
              "arn:aws:iam::703671899612:policy/sagemaker-training-policy"
            ],
            "max_session_duration": 3600,
            "name": "sagemaker-training-role",
            "name_prefix": "",
            "path": "/",
            "permissions_boundary": "",
            "tags": {},
            "tags_all": {},
            "unique_id": "AROA2HVQ5CXOMWKXOWN73"
          },
          "sensitive_attributes": [],
          "private": "bnVsbA=="
        }
      ]
    },
    {
      "mode": "managed",
      "type": "aws_iam_role_policy_attachment",
      "name": "attach_policy",
      "provider": "provider[\"registry.terraform.io/hashicorp/aws\"]",
      "instances": [
        {
          "schema_version": 0,
          "attributes": {
            "id": "sagemaker-training-role-20250228105050666400000001",
            "policy_arn": "arn:aws:iam::703671899612:policy/sagemaker-training-policy",
            "role": "sagemaker-training-role"
          },
          "sensitive_attributes": [],
          "private": "bnVsbA==",
          "dependencies": [
            "aws_iam_policy.sagemaker_policy",
            "aws_iam_role.sagemaker_role"
          ]
        }
      ]
    },
    {
      "mode": "managed",
      "type": "aws_iam_role_policy_attachment",
      "name": "attach_sagemaker_s3",
      "provider": "provider[\"registry.terraform.io/hashicorp/aws\"]",
      "instances": [
        {
          "schema_version": 0,
          "attributes": {
            "id": "sagemaker-training-role-20250228105806470700000001",
            "policy_arn": "arn:aws:iam::703671899612:policy/sagemaker-s3-access",
            "role": "sagemaker-training-role"
          },
          "sensitive_attributes": [],
          "private": "bnVsbA==",
          "dependencies": [
            "aws_iam_policy.sagemaker_s3_policy",
            "aws_iam_role.sagemaker_role"
          ]
        }
      ]
    },
    {
      "mode": "managed",
      "type": "aws_s3_bucket",
      "name": "sagemaker_bucket",
      "provider": "provider[\"registry.terraform.io/hashicorp/aws\"]",
      "instances": [
        {
          "schema_version": 0,
          "attributes": {
            "acceleration_status": "",
            "acl": null,
            "arn": "arn:aws:s3:::ml-sounds-sandbox-bucket",
            "bucket": "ml-sounds-sandbox-bucket",
            "bucket_domain_name": "ml-sounds-sandbox-bucket.s3.amazonaws.com",
            "bucket_prefix": "",
            "bucket_regional_domain_name": "ml-sounds-sandbox-bucket.s3.us-east-2.amazonaws.com",
            "cors_rule": [],
            "force_destroy": false,
            "grant": [
              {
                "id": "aa8beef206eb07539793f9509af7b7f48c1e95461e0f8bfc840285a38905b231",
                "permissions": [
                  "FULL_CONTROL"
                ],
                "type": "CanonicalUser",
                "uri": ""
              }
            ],
            "hosted_zone_id": "Z2O1EMRO9K5GLX",
            "id": "ml-sounds-sandbox-bucket",
            "lifecycle_rule": [],
            "logging": [],
            "object_lock_configuration": [],
            "object_lock_enabled": false,
            "policy": "",
            "region": "us-east-2",
            "replication_configuration": [],
            "request_payer": "BucketOwner",
            "server_side_encryption_configuration": [
              {
                "rule": [
                  {
                    "apply_server_side_encryption_by_default": [
                      {
                        "kms_master_key_id": "",
                        "sse_algorithm": "AES256"
                      }
                    ],
                    "bucket_key_enabled": false
                  }
                ]
              }
            ],
            "tags": {},
            "tags_all": {},
            "timeouts": null,
            "versioning": [
              {
                "enabled": false,
                "mfa_delete": false
              }
            ],
            "website": [],
            "website_domain": null,
            "website_endpoint": null
          },
          "sensitive_attributes": [],
          "private": "eyJlMmJmYjczMC1lY2FhLTExZTYtOGY4OC0zNDM2M2JjN2M0YzAiOnsiY3JlYXRlIjoxMjAwMDAwMDAwMDAwLCJkZWxldGUiOjM2MDAwMDAwMDAwMDAsInJlYWQiOjEyMDAwMDAwMDAwMDAsInVwZGF0ZSI6MTIwMDAwMDAwMDAwMH19"
        }
      ]
    },
    {
      "mode": "managed",
      "type": "null_resource",
      "name": "sagemaker_training_job",
      "provider": "provider[\"registry.terraform.io/hashicorp/null\"]",
      "instances": [
        {
          "status": "tainted",
          "schema_version": 0,
          "attributes": {
            "id": "8015089049610992184",
            "triggers": null
          },
          "sensitive_attributes": []
        }
      ]
    },
    {
      "mode": "managed",
      "type": "null_resource",
      "name": "trigger_sagemaker_job",
      "provider": "provider[\"registry.terraform.io/hashicorp/null\"]",
      "instances": [
        {
          "status": "tainted",
          "schema_version": 0,
          "attributes": {
            "id": "6978153926866314493",
            "triggers": null
          },
          "sensitive_attributes": [],
          "dependencies": [
            "aws_iam_role.sagemaker_role"
          ]
        }
      ]
    }
  ],
  "check_results": null
}
